<Solution>
  <Project Path="INSS.Platform.Canonical.Database/INSS.Platform.Canonical.Database.sqlproj" Id="793f3950-e914-41f0-8d72-2e8f9f4f1467">
    <Build />
    <Deploy />
  </Project>
  <Project Path="INSS.Platform.UserManagement.Database/INSS.Platform.UserManagement.Database.sqlproj" Id="9dd319e6-fda1-4120-aece-7903ff8ae2af">
    <Build />
    <Deploy />
  </Project>
</Solution>
