
Microsoft Visual Studio Solution File, Format Version 12.00
# Visual Studio Version 18
VisualStudioVersion = 18.0.11201.2
MinimumVisualStudioVersion = 10.0.40219.1
Project("{2150E333-8FDC-42A3-9474-1A3956D46DE8}") = "Apps", "Apps", "{02EA681E-C7D8-13C7-8484-4AC65E1B71E8}"
EndProject
Project("{2150E333-8FDC-42A3-9474-1A3956D46DE8}") = "Web", "Web", "{4F00CE3E-C473-4371-8B4B-BEF52EF62595}"
EndProject
Project("{2150E333-8FDC-42A3-9474-1A3956D46DE8}") = "Ui", "Ui", "{EE43B354-5ECC-47BC-A36E-13A4266049E1}"
EndProject
Project("{2150E333-8FDC-42A3-9474-1A3956D46DE8}") = "Api", "Api", "{C0E1D6C3-A7B1-4727-A47A-0373FDA31D88}"
EndProject
Project("{FAE04EC0-301F-11D3-BF4B-00C04F79EFBC}") = "INSS.Platform.UserManagement.API", "Apps\Web\Api\INSS.Platform.UserManagement.API\INSS.Platform.UserManagement.API.csproj", "{450543A5-081D-20B0-0BD5-6AFE591E7CBE}"
EndProject
Project("{FAE04EC0-301F-11D3-BF4B-00C04F79EFBC}") = "INSS.Platform.Auth.API", "Apps\Web\Api\INSS.Platform.Auth.API\INSS.Platform.Auth.API.csproj", "{E0AFD321-BDF0-62AE-9595-E23947EEBEE8}"
EndProject
Project("{2150E333-8FDC-42A3-9474-1A3956D46DE8}") = "Infra", "Infra", "{9D551480-000B-42E0-9EB0-B66E2BEC5292}"
EndProject
Project("{2150E333-8FDC-42A3-9474-1A3956D46DE8}") = "Database", "Database", "{753D2D8D-7EA5-4D95-A6D6-08CE4E8EA025}"
	ProjectSection(SolutionItems) = preProject
		Database Projects.txt = Database Projects.txt
	EndProjectSection
EndProject
Project("{2150E333-8FDC-42A3-9474-1A3956D46DE8}") = "Core", "Core", "{F98E4280-4F96-4322-AA87-60343CF5952B}"
EndProject
Project("{2150E333-8FDC-42A3-9474-1A3956D46DE8}") = "Domain", "Domain", "{E2876280-9BCD-48E5-B5C8-AE11C8549B8B}"
EndProject
Project("{2150E333-8FDC-42A3-9474-1A3956D46DE8}") = "Applications", "Applications", "{95DC2597-F34F-4416-ABD4-943608674282}"
EndProject
Project("{2150E333-8FDC-42A3-9474-1A3956D46DE8}") = "Contracts", "Contracts", "{4E5D6B98-4372-4542-9D93-5E0485C6F390}"
EndProject
Project("{FAE04EC0-301F-11D3-BF4B-00C04F79EFBC}") = "INSS.Platform.Auth.Contracts", "Apps\Core\Application\Contracts\INSS.Platform.Auth.Contracts\INSS.Platform.Auth.Contracts.csproj", "{0A42057E-E256-5CAA-5323-52ECF1972EC8}"
EndProject
Project("{FAE04EC0-301F-11D3-BF4B-00C04F79EFBC}") = "INSS.Platform.UserManagement.Entities", "Apps\Core\Domain\Common\INSS.Platform.UserManagement.Entities\INSS.Platform.UserManagement.Entities.csproj", "{C175BBBC-A62A-3EBA-ED97-FBF2EA3D379B}"
EndProject
Project("{2150E333-8FDC-42A3-9474-1A3956D46DE8}") = "Tests", "Tests", "{F3FED241-CCE4-4131-8815-13C70B937A65}"
EndProject
Project("{2150E333-8FDC-42A3-9474-1A3956D46DE8}") = "Core", "Core", "{05192214-2F29-41A8-8A8D-0E791F4A3201}"
EndProject
Project("{2150E333-8FDC-42A3-9474-1A3956D46DE8}") = "Infra", "Infra", "{A7D93295-9C57-4D98-91DF-32C00ECA6812}"
EndProject
Project("{2150E333-8FDC-42A3-9474-1A3956D46DE8}") = "Web", "Web", "{3648A76D-D4B1-4025-9E2C-9B71FE92E924}"
EndProject
Project("{2150E333-8FDC-42A3-9474-1A3956D46DE8}") = "Applications", "Applications", "{979E83F3-8AD0-41AA-94AA-9E3B6ED44ADB}"
EndProject
Project("{2150E333-8FDC-42A3-9474-1A3956D46DE8}") = "Domain", "Domain", "{1255CF1C-BAEF-4D66-BFC2-4681BBE17504}"
EndProject
Project("{2150E333-8FDC-42A3-9474-1A3956D46DE8}") = "Database", "Database", "{A5019304-3E96-471D-A0B5-EBCC262FB64E}"
EndProject
Project("{2150E333-8FDC-42A3-9474-1A3956D46DE8}") = "Ui", "Ui", "{CFA8A2BD-52D9-4EED-AD69-0B24407D39BA}"
EndProject
Project("{2150E333-8FDC-42A3-9474-1A3956D46DE8}") = "Api", "Api", "{68973CF1-BD9E-4C66-9912-B73DD9310FA1}"
EndProject
Project("{FAE04EC0-301F-11D3-BF4B-00C04F79EFBC}") = "INSS.Platform.Auth.API.Tests", "Tests\Web\Api\INSS.Platform.Auth.API.Tests\INSS.Platform.Auth.API.Tests.csproj", "{E42AC285-24F8-1A97-9758-D58564293A94}"
EndProject
Project("{FAE04EC0-301F-11D3-BF4B-00C04F79EFBC}") = "INSS.Platform.UserManagement.API.Tests", "Tests\Web\Api\INSS.Platform.UserManagement.API.Tests\INSS.Platform.UserManagement.API.Tests.csproj", "{0BB4846B-938D-1977-29FD-E1D50F712828}"
EndProject
Project("{FAE04EC0-301F-11D3-BF4B-00C04F79EFBC}") = "INSS.Platform.Components.Web.Tests", "Tests\Web\Ui\INSS.Platform.Components.Web.Tests\INSS.Platform.Components.Web.Tests.csproj", "{3E81016C-AC6C-FF84-A3D9-BBB226B8AF00}"
EndProject
Project("{FAE04EC0-301F-11D3-BF4B-00C04F79EFBC}") = "INSS.Platform.Components.Web", "Apps\Web\Ui\INSS.Platform.Components.Web\INSS.Platform.Components.Web.csproj", "{A309EB8B-EB94-CCB0-9167-21F265C20DA2}"
EndProject
Project("{FAE04EC0-301F-11D3-BF4B-00C04F79EFBC}") = "INSS.Platform.Forms.TestHarness.Web", "Apps\Web\Ui\INSS.Platform.Forms.TestHarness.Web\INSS.Platform.Forms.TestHarness.Web.csproj", "{9351D303-BCBE-2258-6A3C-AF3F3DB11720}"
EndProject
Project("{FAE04EC0-301F-11D3-BF4B-00C04F79EFBC}") = "INSS.Platform.UserManagement.Web", "Apps\Web\Ui\INSS.Platform.UserManagement.Web\INSS.Platform.UserManagement.Web.csproj", "{4F2DA357-2953-45EA-217A-28CE99EFACCF}"
EndProject
Project("{2150E333-8FDC-42A3-9474-1A3956D46DE8}") = "src", "src", "{0BACB56F-268A-478B-856B-5CC580035D3E}"
EndProject
Project("{2150E333-8FDC-42A3-9474-1A3956D46DE8}") = "Application", "Application", "{23E0A4D6-FBBA-40D1-9C45-8DB74BF899CF}"
EndProject
Project("{2150E333-8FDC-42A3-9474-1A3956D46DE8}") = "Domain", "Domain", "{1D9422C7-8164-43B0-8D81-DEBD53971355}"
EndProject
Project("{2150E333-8FDC-42A3-9474-1A3956D46DE8}") = "Infrastructure", "Infrastructure", "{6FE836E8-5BEC-448D-82F1-C3C7FDB3E0CE}"
EndProject
Project("{2150E333-8FDC-42A3-9474-1A3956D46DE8}") = "Presentation", "Presentation", "{011E092D-7CC6-43E0-AE75-DF9D45033D0B}"
EndProject
Project("{FAE04EC0-301F-11D3-BF4B-00C04F79EFBC}") = "INSS.Platform.Portal.Application", "src\Application\INSS.Platform.Portal.Application\INSS.Platform.Portal.Application.csproj", "{E2AE2DF5-2671-235A-FA75-51B27557D7D8}"
EndProject
Project("{FAE04EC0-301F-11D3-BF4B-00C04F79EFBC}") = "INSS.Platform.Portal.Domain", "src\Domain\INSS.Platform.Portal.Domain\INSS.Platform.Portal.Domain.csproj", "{7B8FFE63-4CC7-B799-7F43-BD1B50D60B92}"
EndProject
Project("{FAE04EC0-301F-11D3-BF4B-00C04F79EFBC}") = "INSS.Platform.Portal.Infrastructure", "src\Infrastructure\INSS.Platform.Portal.Infrastructure\INSS.Platform.Portal.Infrastructure.csproj", "{59C2F866-EE45-3A0C-354F-D54D6D1EAF29}"
EndProject
Project("{FAE04EC0-301F-11D3-BF4B-00C04F79EFBC}") = "INSS.Platform.Portal.Web", "src\Presentation\INSS.Platform.Portal.Web\INSS.Platform.Portal.Web.csproj", "{086A54C1-163A-ABB1-4C53-911C1FAA8E12}"
EndProject
Project("{FAE04EC0-301F-11D3-BF4B-00C04F79EFBC}") = "INSS.Platform.Portal.Web.Components", "src\Presentation\INSS.Platform.Portal.Web.Components\INSS.Platform.Portal.Web.Components.csproj", "{7BEA8682-17FA-6989-54AC-280A456FAADD}"
EndProject
Project("{FAE04EC0-301F-11D3-BF4B-00C04F79EFBC}") = "INSS.Platform.UserManagement.Abstractions", "Apps\Core\Application\Contracts\INSS.Platform.UserManagement.Abstractions\INSS.Platform.UserManagement.Abstractions.csproj", "{1DD36930-8CA4-431C-88FE-931A7F309C1F}"
EndProject
Project("{2150E333-8FDC-42A3-9474-1A3956D46DE8}") = "Persistence", "Persistence", "{F7C57745-DDA8-472B-BE18-7E8EE6FEF00D}"
EndProject
Project("{FAE04EC0-301F-11D3-BF4B-00C04F79EFBC}") = "INSS.Platform.UserManagement.Repository", "Apps\Infra\Persistence\INSS.Platform.UserManagement.Repository\INSS.Platform.UserManagement.Repository.csproj", "{EFCDA36F-4A93-EBE6-67DF-681C48C98A52}"
EndProject
Project("{2150E333-8FDC-42A3-9474-1A3956D46DE8}") = "Persistence", "Persistence", "{995D0568-EE40-413B-AB77-525AA7A84DC5}"
EndProject
Project("{FAE04EC0-301F-11D3-BF4B-00C04F79EFBC}") = "INSS.Platform.UserManagement.Repository.Tests", "Tests\Infra\Persistence\INSS.Platform.UserManagement.Repository.Tests\INSS.Platform.UserManagement.Repository.Tests.csproj", "{FD916EE3-0182-5D49-8D09-968E7E375D10}"
EndProject
Global
	GlobalSection(SolutionConfigurationPlatforms) = preSolution
		Debug|Any CPU = Debug|Any CPU
		Release|Any CPU = Release|Any CPU
	EndGlobalSection
	GlobalSection(ProjectConfigurationPlatforms) = postSolution
		{450543A5-081D-20B0-0BD5-6AFE591E7CBE}.Debug|Any CPU.ActiveCfg = Debug|Any CPU
		{450543A5-081D-20B0-0BD5-6AFE591E7CBE}.Debug|Any CPU.Build.0 = Debug|Any CPU
		{450543A5-081D-20B0-0BD5-6AFE591E7CBE}.Release|Any CPU.ActiveCfg = Release|Any CPU
		{450543A5-081D-20B0-0BD5-6AFE591E7CBE}.Release|Any CPU.Build.0 = Release|Any CPU
		{E0AFD321-BDF0-62AE-9595-E23947EEBEE8}.Debug|Any CPU.ActiveCfg = Debug|Any CPU
		{E0AFD321-BDF0-62AE-9595-E23947EEBEE8}.Debug|Any CPU.Build.0 = Debug|Any CPU
		{E0AFD321-BDF0-62AE-9595-E23947EEBEE8}.Release|Any CPU.ActiveCfg = Release|Any CPU
		{E0AFD321-BDF0-62AE-9595-E23947EEBEE8}.Release|Any CPU.Build.0 = Release|Any CPU
		{0A42057E-E256-5CAA-5323-52ECF1972EC8}.Debug|Any CPU.ActiveCfg = Debug|Any CPU
		{0A42057E-E256-5CAA-5323-52ECF1972EC8}.Debug|Any CPU.Build.0 = Debug|Any CPU
		{0A42057E-E256-5CAA-5323-52ECF1972EC8}.Release|Any CPU.ActiveCfg = Release|Any CPU
		{0A42057E-E256-5CAA-5323-52ECF1972EC8}.Release|Any CPU.Build.0 = Release|Any CPU
		{C175BBBC-A62A-3EBA-ED97-FBF2EA3D379B}.Debug|Any CPU.ActiveCfg = Debug|Any CPU
		{C175BBBC-A62A-3EBA-ED97-FBF2EA3D379B}.Debug|Any CPU.Build.0 = Debug|Any CPU
		{C175BBBC-A62A-3EBA-ED97-FBF2EA3D379B}.Release|Any CPU.ActiveCfg = Release|Any CPU
		{C175BBBC-A62A-3EBA-ED97-FBF2EA3D379B}.Release|Any CPU.Build.0 = Release|Any CPU
		{E42AC285-24F8-1A97-9758-D58564293A94}.Debug|Any CPU.ActiveCfg = Debug|Any CPU
		{E42AC285-24F8-1A97-9758-D58564293A94}.Debug|Any CPU.Build.0 = Debug|Any CPU
		{E42AC285-24F8-1A97-9758-D58564293A94}.Release|Any CPU.ActiveCfg = Release|Any CPU
		{E42AC285-24F8-1A97-9758-D58564293A94}.Release|Any CPU.Build.0 = Release|Any CPU
		{0BB4846B-938D-1977-29FD-E1D50F712828}.Debug|Any CPU.ActiveCfg = Debug|Any CPU
		{0BB4846B-938D-1977-29FD-E1D50F712828}.Debug|Any CPU.Build.0 = Debug|Any CPU
		{0BB4846B-938D-1977-29FD-E1D50F712828}.Release|Any CPU.ActiveCfg = Release|Any CPU
		{0BB4846B-938D-1977-29FD-E1D50F712828}.Release|Any CPU.Build.0 = Release|Any CPU
		{3E81016C-AC6C-FF84-A3D9-BBB226B8AF00}.Debug|Any CPU.ActiveCfg = Debug|Any CPU
		{3E81016C-AC6C-FF84-A3D9-BBB226B8AF00}.Debug|Any CPU.Build.0 = Debug|Any CPU
		{3E81016C-AC6C-FF84-A3D9-BBB226B8AF00}.Release|Any CPU.ActiveCfg = Release|Any CPU
		{3E81016C-AC6C-FF84-A3D9-BBB226B8AF00}.Release|Any CPU.Build.0 = Release|Any CPU
		{A309EB8B-EB94-CCB0-9167-21F265C20DA2}.Debug|Any CPU.ActiveCfg = Debug|Any CPU
		{A309EB8B-EB94-CCB0-9167-21F265C20DA2}.Debug|Any CPU.Build.0 = Debug|Any CPU
		{A309EB8B-EB94-CCB0-9167-21F265C20DA2}.Release|Any CPU.ActiveCfg = Release|Any CPU
		{A309EB8B-EB94-CCB0-9167-21F265C20DA2}.Release|Any CPU.Build.0 = Release|Any CPU
		{9351D303-BCBE-2258-6A3C-AF3F3DB11720}.Debug|Any CPU.ActiveCfg = Debug|Any CPU
		{9351D303-BCBE-2258-6A3C-AF3F3DB11720}.Debug|Any CPU.Build.0 = Debug|Any CPU
		{9351D303-BCBE-2258-6A3C-AF3F3DB11720}.Release|Any CPU.ActiveCfg = Release|Any CPU
		{9351D303-BCBE-2258-6A3C-AF3F3DB11720}.Release|Any CPU.Build.0 = Release|Any CPU
		{4F2DA357-2953-45EA-217A-28CE99EFACCF}.Debug|Any CPU.ActiveCfg = Debug|Any CPU
		{4F2DA357-2953-45EA-217A-28CE99EFACCF}.Debug|Any CPU.Build.0 = Debug|Any CPU
		{4F2DA357-2953-45EA-217A-28CE99EFACCF}.Release|Any CPU.ActiveCfg = Release|Any CPU
		{4F2DA357-2953-45EA-217A-28CE99EFACCF}.Release|Any CPU.Build.0 = Release|Any CPU
		{E2AE2DF5-2671-235A-FA75-51B27557D7D8}.Debug|Any CPU.ActiveCfg = Debug|Any CPU
		{E2AE2DF5-2671-235A-FA75-51B27557D7D8}.Debug|Any CPU.Build.0 = Debug|Any CPU
		{E2AE2DF5-2671-235A-FA75-51B27557D7D8}.Release|Any CPU.ActiveCfg = Release|Any CPU
		{E2AE2DF5-2671-235A-FA75-51B27557D7D8}.Release|Any CPU.Build.0 = Release|Any CPU
		{7B8FFE63-4CC7-B799-7F43-BD1B50D60B92}.Debug|Any CPU.ActiveCfg = Debug|Any CPU
		{7B8FFE63-4CC7-B799-7F43-BD1B50D60B92}.Debug|Any CPU.Build.0 = Debug|Any CPU
		{7B8FFE63-4CC7-B799-7F43-BD1B50D60B92}.Release|Any CPU.ActiveCfg = Release|Any CPU
		{7B8FFE63-4CC7-B799-7F43-BD1B50D60B92}.Release|Any CPU.Build.0 = Release|Any CPU
		{59C2F866-EE45-3A0C-354F-D54D6D1EAF29}.Debug|Any CPU.ActiveCfg = Debug|Any CPU
		{59C2F866-EE45-3A0C-354F-D54D6D1EAF29}.Debug|Any CPU.Build.0 = Debug|Any CPU
		{59C2F866-EE45-3A0C-354F-D54D6D1EAF29}.Release|Any CPU.ActiveCfg = Release|Any CPU
		{59C2F866-EE45-3A0C-354F-D54D6D1EAF29}.Release|Any CPU.Build.0 = Release|Any CPU
		{086A54C1-163A-ABB1-4C53-911C1FAA8E12}.Debug|Any CPU.ActiveCfg = Debug|Any CPU
		{086A54C1-163A-ABB1-4C53-911C1FAA8E12}.Debug|Any CPU.Build.0 = Debug|Any CPU
		{086A54C1-163A-ABB1-4C53-911C1FAA8E12}.Release|Any CPU.ActiveCfg = Release|Any CPU
		{086A54C1-163A-ABB1-4C53-911C1FAA8E12}.Release|Any CPU.Build.0 = Release|Any CPU
		{7BEA8682-17FA-6989-54AC-280A456FAADD}.Debug|Any CPU.ActiveCfg = Debug|Any CPU
		{7BEA8682-17FA-6989-54AC-280A456FAADD}.Debug|Any CPU.Build.0 = Debug|Any CPU
		{7BEA8682-17FA-6989-54AC-280A456FAADD}.Release|Any CPU.ActiveCfg = Release|Any CPU
		{7BEA8682-17FA-6989-54AC-280A456FAADD}.Release|Any CPU.Build.0 = Release|Any CPU
		{1DD36930-8CA4-431C-88FE-931A7F309C1F}.Debug|Any CPU.ActiveCfg = Debug|Any CPU
		{1DD36930-8CA4-431C-88FE-931A7F309C1F}.Debug|Any CPU.Build.0 = Debug|Any CPU
		{1DD36930-8CA4-431C-88FE-931A7F309C1F}.Release|Any CPU.ActiveCfg = Release|Any CPU
		{1DD36930-8CA4-431C-88FE-931A7F309C1F}.Release|Any CPU.Build.0 = Release|Any CPU
		{EFCDA36F-4A93-EBE6-67DF-681C48C98A52}.Debug|Any CPU.ActiveCfg = Debug|Any CPU
		{EFCDA36F-4A93-EBE6-67DF-681C48C98A52}.Debug|Any CPU.Build.0 = Debug|Any CPU
		{EFCDA36F-4A93-EBE6-67DF-681C48C98A52}.Release|Any CPU.ActiveCfg = Release|Any CPU
		{EFCDA36F-4A93-EBE6-67DF-681C48C98A52}.Release|Any CPU.Build.0 = Release|Any CPU
		{FD916EE3-0182-5D49-8D09-968E7E375D10}.Debug|Any CPU.ActiveCfg = Debug|Any CPU
		{FD916EE3-0182-5D49-8D09-968E7E375D10}.Debug|Any CPU.Build.0 = Debug|Any CPU
		{FD916EE3-0182-5D49-8D09-968E7E375D10}.Release|Any CPU.ActiveCfg = Release|Any CPU
		{FD916EE3-0182-5D49-8D09-968E7E375D10}.Release|Any CPU.Build.0 = Release|Any CPU
	EndGlobalSection
	GlobalSection(SolutionProperties) = preSolution
		HideSolutionNode = FALSE
	EndGlobalSection
	GlobalSection(NestedProjects) = preSolution
		{4F00CE3E-C473-4371-8B4B-BEF52EF62595} = {02EA681E-C7D8-13C7-8484-4AC65E1B71E8}
		{EE43B354-5ECC-47BC-A36E-13A4266049E1} = {4F00CE3E-C473-4371-8B4B-BEF52EF62595}
		{C0E1D6C3-A7B1-4727-A47A-0373FDA31D88} = {4F00CE3E-C473-4371-8B4B-BEF52EF62595}
		{450543A5-081D-20B0-0BD5-6AFE591E7CBE} = {C0E1D6C3-A7B1-4727-A47A-0373FDA31D88}
		{E0AFD321-BDF0-62AE-9595-E23947EEBEE8} = {C0E1D6C3-A7B1-4727-A47A-0373FDA31D88}
		{9D551480-000B-42E0-9EB0-B66E2BEC5292} = {02EA681E-C7D8-13C7-8484-4AC65E1B71E8}
		{753D2D8D-7EA5-4D95-A6D6-08CE4E8EA025} = {9D551480-000B-42E0-9EB0-B66E2BEC5292}
		{F98E4280-4F96-4322-AA87-60343CF5952B} = {02EA681E-C7D8-13C7-8484-4AC65E1B71E8}
		{E2876280-9BCD-48E5-B5C8-AE11C8549B8B} = {F98E4280-4F96-4322-AA87-60343CF5952B}
		{95DC2597-F34F-4416-ABD4-943608674282} = {F98E4280-4F96-4322-AA87-60343CF5952B}
		{4E5D6B98-4372-4542-9D93-5E0485C6F390} = {95DC2597-F34F-4416-ABD4-943608674282}
		{0A42057E-E256-5CAA-5323-52ECF1972EC8} = {4E5D6B98-4372-4542-9D93-5E0485C6F390}
		{C175BBBC-A62A-3EBA-ED97-FBF2EA3D379B} = {E2876280-9BCD-48E5-B5C8-AE11C8549B8B}
		{05192214-2F29-41A8-8A8D-0E791F4A3201} = {F3FED241-CCE4-4131-8815-13C70B937A65}
		{A7D93295-9C57-4D98-91DF-32C00ECA6812} = {F3FED241-CCE4-4131-8815-13C70B937A65}
		{3648A76D-D4B1-4025-9E2C-9B71FE92E924} = {F3FED241-CCE4-4131-8815-13C70B937A65}
		{979E83F3-8AD0-41AA-94AA-9E3B6ED44ADB} = {05192214-2F29-41A8-8A8D-0E791F4A3201}
		{1255CF1C-BAEF-4D66-BFC2-4681BBE17504} = {05192214-2F29-41A8-8A8D-0E791F4A3201}
		{A5019304-3E96-471D-A0B5-EBCC262FB64E} = {A7D93295-9C57-4D98-91DF-32C00ECA6812}
		{CFA8A2BD-52D9-4EED-AD69-0B24407D39BA} = {3648A76D-D4B1-4025-9E2C-9B71FE92E924}
		{68973CF1-BD9E-4C66-9912-B73DD9310FA1} = {3648A76D-D4B1-4025-9E2C-9B71FE92E924}
		{E42AC285-24F8-1A97-9758-D58564293A94} = {68973CF1-BD9E-4C66-9912-B73DD9310FA1}
		{0BB4846B-938D-1977-29FD-E1D50F712828} = {68973CF1-BD9E-4C66-9912-B73DD9310FA1}
		{3E81016C-AC6C-FF84-A3D9-BBB226B8AF00} = {CFA8A2BD-52D9-4EED-AD69-0B24407D39BA}
		{A309EB8B-EB94-CCB0-9167-21F265C20DA2} = {EE43B354-5ECC-47BC-A36E-13A4266049E1}
		{9351D303-BCBE-2258-6A3C-AF3F3DB11720} = {EE43B354-5ECC-47BC-A36E-13A4266049E1}
		{4F2DA357-2953-45EA-217A-28CE99EFACCF} = {EE43B354-5ECC-47BC-A36E-13A4266049E1}
		{23E0A4D6-FBBA-40D1-9C45-8DB74BF899CF} = {0BACB56F-268A-478B-856B-5CC580035D3E}
		{1D9422C7-8164-43B0-8D81-DEBD53971355} = {0BACB56F-268A-478B-856B-5CC580035D3E}
		{6FE836E8-5BEC-448D-82F1-C3C7FDB3E0CE} = {0BACB56F-268A-478B-856B-5CC580035D3E}
		{011E092D-7CC6-43E0-AE75-DF9D45033D0B} = {0BACB56F-268A-478B-856B-5CC580035D3E}
		{E2AE2DF5-2671-235A-FA75-51B27557D7D8} = {23E0A4D6-FBBA-40D1-9C45-8DB74BF899CF}
		{7B8FFE63-4CC7-B799-7F43-BD1B50D60B92} = {1D9422C7-8164-43B0-8D81-DEBD53971355}
		{59C2F866-EE45-3A0C-354F-D54D6D1EAF29} = {6FE836E8-5BEC-448D-82F1-C3C7FDB3E0CE}
		{086A54C1-163A-ABB1-4C53-911C1FAA8E12} = {011E092D-7CC6-43E0-AE75-DF9D45033D0B}
		{7BEA8682-17FA-6989-54AC-280A456FAADD} = {011E092D-7CC6-43E0-AE75-DF9D45033D0B}
		{1DD36930-8CA4-431C-88FE-931A7F309C1F} = {4E5D6B98-4372-4542-9D93-5E0485C6F390}
		{F7C57745-DDA8-472B-BE18-7E8EE6FEF00D} = {9D551480-000B-42E0-9EB0-B66E2BEC5292}
		{EFCDA36F-4A93-EBE6-67DF-681C48C98A52} = {F7C57745-DDA8-472B-BE18-7E8EE6FEF00D}
		{995D0568-EE40-413B-AB77-525AA7A84DC5} = {A7D93295-9C57-4D98-91DF-32C00ECA6812}
		{FD916EE3-0182-5D49-8D09-968E7E375D10} = {995D0568-EE40-413B-AB77-525AA7A84DC5}
	EndGlobalSection
	GlobalSection(ExtensibilityGlobals) = postSolution
		SolutionGuid = {A487B290-CEBF-4788-AFA3-37382949A23F}
	EndGlobalSection
EndGlobal
