
Microsoft Visual Studio Solution File, Format Version 12.00
# Visual Studio Version 18
VisualStudioVersion = 18.0.11201.2
MinimumVisualStudioVersion = 10.0.40219.1
Project("{2150E333-8FDC-42A3-9474-1A3956D46DE8}") = "src", "src", "{0BACB56F-268A-478B-856B-5CC580035D3E}"
EndProject
Project("{2150E333-8FDC-42A3-9474-1A3956D46DE8}") = "Application", "Application", "{23E0A4D6-FBBA-40D1-9C45-8DB74BF899CF}"
EndProject
Project("{2150E333-8FDC-42A3-9474-1A3956D46DE8}") = "Domain", "Domain", "{1D9422C7-8164-43B0-8D81-DEBD53971355}"
EndProject
Project("{2150E333-8FDC-42A3-9474-1A3956D46DE8}") = "Infrastructure", "Infrastructure", "{6FE836E8-5BEC-448D-82F1-C3C7FDB3E0CE}"
EndProject
Project("{2150E333-8FDC-42A3-9474-1A3956D46DE8}") = "Presentation", "Presentation", "{011E092D-7CC6-43E0-AE75-DF9D45033D0B}"
EndProject
Project("{FAE04EC0-301F-11D3-BF4B-00C04F79EFBC}") = "INSS.Platform.Portal.Application", "src\Application\INSS.Platform.Portal.Application\INSS.Platform.Portal.Application.csproj", "{E2AE2DF5-2671-235A-FA75-51B27557D7D8}"
EndProject
Project("{FAE04EC0-301F-11D3-BF4B-00C04F79EFBC}") = "INSS.Platform.Portal.Domain", "src\Domain\INSS.Platform.Portal.Domain\INSS.Platform.Portal.Domain.csproj", "{7B8FFE63-4CC7-B799-7F43-BD1B50D60B92}"
EndProject
Project("{FAE04EC0-301F-11D3-BF4B-00C04F79EFBC}") = "INSS.Platform.Portal.Infrastructure", "src\Infrastructure\INSS.Platform.Portal.Infrastructure\INSS.Platform.Portal.Infrastructure.csproj", "{59C2F866-EE45-3A0C-354F-D54D6D1EAF29}"
EndProject
Project("{FAE04EC0-301F-11D3-BF4B-00C04F79EFBC}") = "INSS.Platform.Portal.Web", "src\Presentation\INSS.Platform.Portal.Web\INSS.Platform.Portal.Web.csproj", "{086A54C1-163A-ABB1-4C53-911C1FAA8E12}"
EndProject
Project("{FAE04EC0-301F-11D3-BF4B-00C04F79EFBC}") = "INSS.Platform.Portal.Web.Components", "src\Presentation\INSS.Platform.Portal.Web.Components\INSS.Platform.Portal.Web.Components.csproj", "{7BEA8682-17FA-6989-54AC-280A456FAADD}"
EndProject
Project("{FAE04EC0-301F-11D3-BF4B-00C04F79EFBC}") = "INSS.Platform.Auth.API", "src\Presentation\INSS.Platform.Auth.API\INSS.Platform.Auth.API.csproj", "{530AD075-8A13-B355-159C-4E8C122632FC}"
EndProject
Project("{FAE04EC0-301F-11D3-BF4B-00C04F79EFBC}") = "INSS.Platform.UserManagement.API", "src\Presentation\INSS.Platform.UserManagement.API\INSS.Platform.UserManagement.API.csproj", "{3C63716A-F9AB-F6F7-10EF-64FBD984E2C6}"
EndProject
Project("{FAE04EC0-301F-11D3-BF4B-00C04F79EFBC}") = "INSS.Platform.UserManagement.Web", "src\Presentation\INSS.Platform.UserManagement.Web\INSS.Platform.UserManagement.Web.csproj", "{AB1C36C1-71C6-E318-5854-FEEAF1290AAA}"
EndProject
Project("{FAE04EC0-301F-11D3-BF4B-00C04F79EFBC}") = "INSS.Platform.UserManagement.Infrastructure", "src\Infrastructure\INSS.Platform.UserManagement.Infrastructure\INSS.Platform.UserManagement.Infrastructure.csproj", "{7047E043-0CB9-F52B-9775-1B37FA6F3CAA}"
EndProject
Project("{FAE04EC0-301F-11D3-BF4B-00C04F79EFBC}") = "INSS.Platform.UserManagement.Domain", "src\Domain\INSS.Platform.UserManagement.Domain\INSS.Platform.UserManagement.Domain.csproj", "{7B89B3B5-0105-77A7-98C8-E516514EBAF1}"
EndProject
Project("{FAE04EC0-301F-11D3-BF4B-00C04F79EFBC}") = "INSS.Platform.UserManagement.Application", "src\Application\INSS.Platform.UserManagement.Application\INSS.Platform.UserManagement.Application.csproj", "{CFB70D56-F5AA-F62D-EE49-C3F199D296D8}"
EndProject
Project("{FAE04EC0-301F-11D3-BF4B-00C04F79EFBC}") = "INSS.Platform.Auth.Application", "src\Application\INSS.Platform.Auth.Application\INSS.Platform.Auth.Application.csproj", "{3FC2B11D-889D-3EAE-7C4E-856D467E5894}"
EndProject
Project("{2150E333-8FDC-42A3-9474-1A3956D46DE8}") = "test", "test", "{BA67C34D-122B-44B6-AD8C-F0371848352B}"
EndProject
Project("{2150E333-8FDC-42A3-9474-1A3956D46DE8}") = "Infrastructure", "Infrastructure", "{F8367864-E193-41BA-9E25-F3F9133B5584}"
EndProject
Project("{2150E333-8FDC-42A3-9474-1A3956D46DE8}") = "Presentation", "Presentation", "{A213B54A-2C03-465C-AE32-E1831E1B4A8E}"
EndProject
Project("{FAE04EC0-301F-11D3-BF4B-00C04F79EFBC}") = "INSS.Platform.UserManagement.Infrastructure.Tests", "test\Infrastructure\INSS.Platform.UserManagement.Infrastructure.Tests\INSS.Platform.UserManagement.Infrastructure.Tests.csproj", "{A2A5F2FA-9981-B65B-503B-D54CA80C0729}"
EndProject
Project("{FAE04EC0-301F-11D3-BF4B-00C04F79EFBC}") = "INSS.Platform.Auth.API.Tests", "test\Presentation\INSS.Platform.Auth.API.Tests\INSS.Platform.Auth.API.Tests.csproj", "{083B2C73-4D2D-DB11-89B8-E42A9FA05569}"
EndProject
Project("{FAE04EC0-301F-11D3-BF4B-00C04F79EFBC}") = "INSS.Platform.UserManagement.API.Tests", "test\Presentation\INSS.Platform.UserManagement.API.Tests\INSS.Platform.UserManagement.API.Tests.csproj", "{A206801C-4218-A589-24A2-22E4077F5DE2}"
EndProject
Global
	GlobalSection(SolutionConfigurationPlatforms) = preSolution
		Debug|Any CPU = Debug|Any CPU
		Release|Any CPU = Release|Any CPU
	EndGlobalSection
	GlobalSection(ProjectConfigurationPlatforms) = postSolution
		{E2AE2DF5-2671-235A-FA75-51B27557D7D8}.Debug|Any CPU.ActiveCfg = Debug|Any CPU
		{E2AE2DF5-2671-235A-FA75-51B27557D7D8}.Debug|Any CPU.Build.0 = Debug|Any CPU
		{E2AE2DF5-2671-235A-FA75-51B27557D7D8}.Release|Any CPU.ActiveCfg = Release|Any CPU
		{E2AE2DF5-2671-235A-FA75-51B27557D7D8}.Release|Any CPU.Build.0 = Release|Any CPU
		{7B8FFE63-4CC7-B799-7F43-BD1B50D60B92}.Debug|Any CPU.ActiveCfg = Debug|Any CPU
		{7B8FFE63-4CC7-B799-7F43-BD1B50D60B92}.Debug|Any CPU.Build.0 = Debug|Any CPU
		{7B8FFE63-4CC7-B799-7F43-BD1B50D60B92}.Release|Any CPU.ActiveCfg = Release|Any CPU
		{7B8FFE63-4CC7-B799-7F43-BD1B50D60B92}.Release|Any CPU.Build.0 = Release|Any CPU
		{59C2F866-EE45-3A0C-354F-D54D6D1EAF29}.Debug|Any CPU.ActiveCfg = Debug|Any CPU
		{59C2F866-EE45-3A0C-354F-D54D6D1EAF29}.Debug|Any CPU.Build.0 = Debug|Any CPU
		{59C2F866-EE45-3A0C-354F-D54D6D1EAF29}.Release|Any CPU.ActiveCfg = Release|Any CPU
		{59C2F866-EE45-3A0C-354F-D54D6D1EAF29}.Release|Any CPU.Build.0 = Release|Any CPU
		{086A54C1-163A-ABB1-4C53-911C1FAA8E12}.Debug|Any CPU.ActiveCfg = Debug|Any CPU
		{086A54C1-163A-ABB1-4C53-911C1FAA8E12}.Debug|Any CPU.Build.0 = Debug|Any CPU
		{086A54C1-163A-ABB1-4C53-911C1FAA8E12}.Release|Any CPU.ActiveCfg = Release|Any CPU
		{086A54C1-163A-ABB1-4C53-911C1FAA8E12}.Release|Any CPU.Build.0 = Release|Any CPU
		{7BEA8682-17FA-6989-54AC-280A456FAADD}.Debug|Any CPU.ActiveCfg = Debug|Any CPU
		{7BEA8682-17FA-6989-54AC-280A456FAADD}.Debug|Any CPU.Build.0 = Debug|Any CPU
		{7BEA8682-17FA-6989-54AC-280A456FAADD}.Release|Any CPU.ActiveCfg = Release|Any CPU
		{7BEA8682-17FA-6989-54AC-280A456FAADD}.Release|Any CPU.Build.0 = Release|Any CPU
		{530AD075-8A13-B355-159C-4E8C122632FC}.Debug|Any CPU.ActiveCfg = Debug|Any CPU
		{530AD075-8A13-B355-159C-4E8C122632FC}.Debug|Any CPU.Build.0 = Debug|Any CPU
		{530AD075-8A13-B355-159C-4E8C122632FC}.Release|Any CPU.ActiveCfg = Release|Any CPU
		{530AD075-8A13-B355-159C-4E8C122632FC}.Release|Any CPU.Build.0 = Release|Any CPU
		{3C63716A-F9AB-F6F7-10EF-64FBD984E2C6}.Debug|Any CPU.ActiveCfg = Debug|Any CPU
		{3C63716A-F9AB-F6F7-10EF-64FBD984E2C6}.Debug|Any CPU.Build.0 = Debug|Any CPU
		{3C63716A-F9AB-F6F7-10EF-64FBD984E2C6}.Release|Any CPU.ActiveCfg = Release|Any CPU
		{3C63716A-F9AB-F6F7-10EF-64FBD984E2C6}.Release|Any CPU.Build.0 = Release|Any CPU
		{AB1C36C1-71C6-E318-5854-FEEAF1290AAA}.Debug|Any CPU.ActiveCfg = Debug|Any CPU
		{AB1C36C1-71C6-E318-5854-FEEAF1290AAA}.Debug|Any CPU.Build.0 = Debug|Any CPU
		{AB1C36C1-71C6-E318-5854-FEEAF1290AAA}.Release|Any CPU.ActiveCfg = Release|Any CPU
		{AB1C36C1-71C6-E318-5854-FEEAF1290AAA}.Release|Any CPU.Build.0 = Release|Any CPU
		{7047E043-0CB9-F52B-9775-1B37FA6F3CAA}.Debug|Any CPU.ActiveCfg = Debug|Any CPU
		{7047E043-0CB9-F52B-9775-1B37FA6F3CAA}.Debug|Any CPU.Build.0 = Debug|Any CPU
		{7047E043-0CB9-F52B-9775-1B37FA6F3CAA}.Release|Any CPU.ActiveCfg = Release|Any CPU
		{7047E043-0CB9-F52B-9775-1B37FA6F3CAA}.Release|Any CPU.Build.0 = Release|Any CPU
		{7B89B3B5-0105-77A7-98C8-E516514EBAF1}.Debug|Any CPU.ActiveCfg = Debug|Any CPU
		{7B89B3B5-0105-77A7-98C8-E516514EBAF1}.Debug|Any CPU.Build.0 = Debug|Any CPU
		{7B89B3B5-0105-77A7-98C8-E516514EBAF1}.Release|Any CPU.ActiveCfg = Release|Any CPU
		{7B89B3B5-0105-77A7-98C8-E516514EBAF1}.Release|Any CPU.Build.0 = Release|Any CPU
		{CFB70D56-F5AA-F62D-EE49-C3F199D296D8}.Debug|Any CPU.ActiveCfg = Debug|Any CPU
		{CFB70D56-F5AA-F62D-EE49-C3F199D296D8}.Debug|Any CPU.Build.0 = Debug|Any CPU
		{CFB70D56-F5AA-F62D-EE49-C3F199D296D8}.Release|Any CPU.ActiveCfg = Release|Any CPU
		{CFB70D56-F5AA-F62D-EE49-C3F199D296D8}.Release|Any CPU.Build.0 = Release|Any CPU
		{3FC2B11D-889D-3EAE-7C4E-856D467E5894}.Debug|Any CPU.ActiveCfg = Debug|Any CPU
		{3FC2B11D-889D-3EAE-7C4E-856D467E5894}.Debug|Any CPU.Build.0 = Debug|Any CPU
		{3FC2B11D-889D-3EAE-7C4E-856D467E5894}.Release|Any CPU.ActiveCfg = Release|Any CPU
		{3FC2B11D-889D-3EAE-7C4E-856D467E5894}.Release|Any CPU.Build.0 = Release|Any CPU
		{A2A5F2FA-9981-B65B-503B-D54CA80C0729}.Debug|Any CPU.ActiveCfg = Debug|Any CPU
		{A2A5F2FA-9981-B65B-503B-D54CA80C0729}.Debug|Any CPU.Build.0 = Debug|Any CPU
		{A2A5F2FA-9981-B65B-503B-D54CA80C0729}.Release|Any CPU.ActiveCfg = Release|Any CPU
		{A2A5F2FA-9981-B65B-503B-D54CA80C0729}.Release|Any CPU.Build.0 = Release|Any CPU
		{083B2C73-4D2D-DB11-89B8-E42A9FA05569}.Debug|Any CPU.ActiveCfg = Debug|Any CPU
		{083B2C73-4D2D-DB11-89B8-E42A9FA05569}.Debug|Any CPU.Build.0 = Debug|Any CPU
		{083B2C73-4D2D-DB11-89B8-E42A9FA05569}.Release|Any CPU.ActiveCfg = Release|Any CPU
		{083B2C73-4D2D-DB11-89B8-E42A9FA05569}.Release|Any CPU.Build.0 = Release|Any CPU
		{A206801C-4218-A589-24A2-22E4077F5DE2}.Debug|Any CPU.ActiveCfg = Debug|Any CPU
		{A206801C-4218-A589-24A2-22E4077F5DE2}.Debug|Any CPU.Build.0 = Debug|Any CPU
		{A206801C-4218-A589-24A2-22E4077F5DE2}.Release|Any CPU.ActiveCfg = Release|Any CPU
		{A206801C-4218-A589-24A2-22E4077F5DE2}.Release|Any CPU.Build.0 = Release|Any CPU
	EndGlobalSection
	GlobalSection(SolutionProperties) = preSolution
		HideSolutionNode = FALSE
	EndGlobalSection
	GlobalSection(NestedProjects) = preSolution
		{23E0A4D6-FBBA-40D1-9C45-8DB74BF899CF} = {0BACB56F-268A-478B-856B-5CC580035D3E}
		{1D9422C7-8164-43B0-8D81-DEBD53971355} = {0BACB56F-268A-478B-856B-5CC580035D3E}
		{6FE836E8-5BEC-448D-82F1-C3C7FDB3E0CE} = {0BACB56F-268A-478B-856B-5CC580035D3E}
		{011E092D-7CC6-43E0-AE75-DF9D45033D0B} = {0BACB56F-268A-478B-856B-5CC580035D3E}
		{E2AE2DF5-2671-235A-FA75-51B27557D7D8} = {23E0A4D6-FBBA-40D1-9C45-8DB74BF899CF}
		{7B8FFE63-4CC7-B799-7F43-BD1B50D60B92} = {1D9422C7-8164-43B0-8D81-DEBD53971355}
		{59C2F866-EE45-3A0C-354F-D54D6D1EAF29} = {6FE836E8-5BEC-448D-82F1-C3C7FDB3E0CE}
		{086A54C1-163A-ABB1-4C53-911C1FAA8E12} = {011E092D-7CC6-43E0-AE75-DF9D45033D0B}
		{7BEA8682-17FA-6989-54AC-280A456FAADD} = {011E092D-7CC6-43E0-AE75-DF9D45033D0B}
		{530AD075-8A13-B355-159C-4E8C122632FC} = {011E092D-7CC6-43E0-AE75-DF9D45033D0B}
		{3C63716A-F9AB-F6F7-10EF-64FBD984E2C6} = {011E092D-7CC6-43E0-AE75-DF9D45033D0B}
		{AB1C36C1-71C6-E318-5854-FEEAF1290AAA} = {011E092D-7CC6-43E0-AE75-DF9D45033D0B}
		{7047E043-0CB9-F52B-9775-1B37FA6F3CAA} = {6FE836E8-5BEC-448D-82F1-C3C7FDB3E0CE}
		{7B89B3B5-0105-77A7-98C8-E516514EBAF1} = {1D9422C7-8164-43B0-8D81-DEBD53971355}
		{CFB70D56-F5AA-F62D-EE49-C3F199D296D8} = {23E0A4D6-FBBA-40D1-9C45-8DB74BF899CF}
		{3FC2B11D-889D-3EAE-7C4E-856D467E5894} = {23E0A4D6-FBBA-40D1-9C45-8DB74BF899CF}
		{F8367864-E193-41BA-9E25-F3F9133B5584} = {BA67C34D-122B-44B6-AD8C-F0371848352B}
		{A213B54A-2C03-465C-AE32-E1831E1B4A8E} = {BA67C34D-122B-44B6-AD8C-F0371848352B}
		{A2A5F2FA-9981-B65B-503B-D54CA80C0729} = {F8367864-E193-41BA-9E25-F3F9133B5584}
		{083B2C73-4D2D-DB11-89B8-E42A9FA05569} = {A213B54A-2C03-465C-AE32-E1831E1B4A8E}
		{A206801C-4218-A589-24A2-22E4077F5DE2} = {A213B54A-2C03-465C-AE32-E1831E1B4A8E}
	EndGlobalSection
	GlobalSection(ExtensibilityGlobals) = postSolution
		SolutionGuid = {A487B290-CEBF-4788-AFA3-37382949A23F}
	EndGlobalSection
EndGlobal
