<Solution>
  <Folder Name="/common/">
    <Project Path="src/common/Inss.Common.Infrastructure/Inss.Common.Infrastructure.csproj" />
  </Folder>
  <Folder Name="/src/" />
  <Folder Name="/src/apps/">
    <Project Path="src/apps/Inss.Platform.Fip/Inss.Platform.Fip.csproj" />
    <Project Path="src/apps/Inss.Platform.Ipus/Inss.Platform.Ipus.csproj" />
  </Folder>
  <Folder Name="/src/auth/">
    <Project Path="src/auth/Inss.Platform.Broker/Inss.Platform.Broker.csproj" />
    <Project Path="src/auth/Inss.Platform.RpsProvider/Inss.Platform.RpsProvider.csproj" />
  </Folder>
  <Folder Name="/src/shared/">
    <Project Path="src/shared/Inss.Platform.Application/Inss.Platform.Application.csproj" />
    <Project Path="src/shared/Inss.Platform.Component/Inss.Platform.Component.csproj" />
    <Project Path="src/shared/Inss.Platform.Domain/Inss.Platform.Domain.csproj" />
    <Project Path="src/shared/Inss.Platform.Infrastructure/Inss.Platform.Infrastructure.csproj" />
  </Folder>
  <Folder Name="/test/" />
  <Folder Name="/test/apps/">
    <Project Path="test/apps/Inss.Platform.Fip.Test/Inss.Platform.Fip.Test.csproj" />
  </Folder>
  <Folder Name="/test/shared/">
    <Project Path="test/shared/Inss.Platform.Application.Tests/Inss.Platform.Application.Tests.csproj" />
    <Project Path="test/shared/Inss.Platform.Domain.Tests/Inss.Platform.Domain.Tests.csproj" />
  </Folder>
</Solution>
