
Microsoft Visual Studio Solution File, Format Version 12.00
# Visual Studio Version 18
VisualStudioVersion = 18.0.11111.16
MinimumVisualStudioVersion = 10.0.40219.1
Project("{FAE04EC0-301F-11D3-BF4B-00C04F79EFBC}") = "INSS.Platform.UserManagement.API", "Apps\UserManagement\API\INSS.Platform.UserManagement.API\INSS.Platform.UserManagement.API.csproj", "{A19CFB03-9CDD-4FF6-9733-9510D4FCFFFA}"
EndProject
Project("{2150E333-8FDC-42A3-9474-1A3956D46DE8}") = "UserManagement", "UserManagement", "{02EA681E-C7D8-13C7-8484-4AC65E1B71E8}"
EndProject
Project("{FAE04EC0-301F-11D3-BF4B-00C04F79EFBC}") = "INSS.Platform.UserManagement.Web", "Apps\UserManagement\Web\INSS.Platform.UserManagement.Web\INSS.Platform.UserManagement.Web.csproj", "{A3F8FD6E-2933-4546-B7B3-DF124CB817FA}"
EndProject
Project("{FAE04EC0-301F-11D3-BF4B-00C04F79EFBC}") = "INSS.Platform.UserManagement.Core", "Apps\UserManagement\Core\INSS.Platform.UserManagement.Core\INSS.Platform.UserManagement.Core.csproj", "{C377BC8B-81CA-4D6E-9634-5E382EA702BA}"
EndProject
Project("{FAE04EC0-301F-11D3-BF4B-00C04F79EFBC}") = "INSS.Platform.UserManagement.Repository", "Apps\UserManagement\Repository\INSS.Platform.UserManagement.Repository\INSS.Platform.UserManagement.Repository.csproj", "{C73FD918-FCC2-4B74-9417-7CD61D5A20CD}"
EndProject
Project("{2150E333-8FDC-42A3-9474-1A3956D46DE8}") = "UserManagement.Tests", "UserManagement.Tests", "{0543599E-FCB0-4969-B8BD-564DD663CCA2}"
EndProject
Project("{2150E333-8FDC-42A3-9474-1A3956D46DE8}") = "Auth", "Auth", "{D854FABD-3E31-46A2-B80D-AF3BE0437173}"
EndProject
Project("{2150E333-8FDC-42A3-9474-1A3956D46DE8}") = "Components", "Components", "{64F847C9-6C15-4051-AFDC-80E41B701090}"
EndProject
Project("{FAE04EC0-301F-11D3-BF4B-00C04F79EFBC}") = "INSS.Platform.Common.Libs.Components", "Common\Libs\INSS.Platform.Common.Libs.Components\INSS.Platform.Common.Libs.Components.csproj", "{A3BD5337-143B-F997-F537-10849FFA4912}"
EndProject
Project("{FAE04EC0-301F-11D3-BF4B-00C04F79EFBC}") = "INSS.Platform.Common.Libs.Components.Tests", "Common\Libs\INSS.Platform.Common.Libs.Components.Tests\INSS.Platform.Common.Libs.Components.Tests.csproj", "{8619B6DA-2BE5-48C5-7DAB-EAEEE8458F36}"
EndProject
Project("{FAE04EC0-301F-11D3-BF4B-00C04F79EFBC}") = "INSS.Platform.Common.Auth.API", "Common\Auth\INSS.Platform.Common.Auth.API\INSS.Platform.Common.Auth.API.csproj", "{5156438C-DE82-A7DD-B1AC-AC9EB374D405}"
EndProject
Project("{FAE04EC0-301F-11D3-BF4B-00C04F79EFBC}") = "INSS.Platform.Common.Auth.Contracts", "Common\Auth\INSS.Platform.Common.Auth.Contracts\INSS.Platform.Common.Auth.Contracts.csproj", "{98C4130D-D80A-4EC4-8D4B-88B2B931B000}"
EndProject
Project("{FAE04EC0-301F-11D3-BF4B-00C04F79EFBC}") = "INSS.Platform.UserManagement.API.Tests", "Tests\Apps\UserManagement\API\INSS.Platform.UserManagement.API.Tests\INSS.Platform.UserManagement.API.Tests.csproj", "{F3F3483F-2E44-FB7B-C4F8-FF4641A2A7AF}"
EndProject
Project("{FAE04EC0-301F-11D3-BF4B-00C04F79EFBC}") = "INSS.Platform.UserManagement.Repository.Tests", "Tests\Apps\UserManagement\Repository\INSS.Platform.UserManagement.Repository.Tests\INSS.Platform.UserManagement.Repository.Tests.csproj", "{A204986E-9429-273B-B3BC-3837D557C56F}"
EndProject
Project("{2150E333-8FDC-42A3-9474-1A3956D46DE8}") = "Auth.Tests", "Auth.Tests", "{44F38F10-35F4-4984-BD64-CC156C649140}"
EndProject
Project("{FAE04EC0-301F-11D3-BF4B-00C04F79EFBC}") = "INSS.Platform.Common.Auth.API.Tests", "Tests\Common\Auth\INSS.Platform.Common.Auth.API.Tests\INSS.Platform.Common.Auth.API.Tests.csproj", "{37682D22-F512-427E-977C-0F5077410369}"
EndProject
Global
	GlobalSection(SolutionConfigurationPlatforms) = preSolution
		Debug|Any CPU = Debug|Any CPU
		Release|Any CPU = Release|Any CPU
	EndGlobalSection
	GlobalSection(ProjectConfigurationPlatforms) = postSolution
		{A19CFB03-9CDD-4FF6-9733-9510D4FCFFFA}.Debug|Any CPU.ActiveCfg = Debug|Any CPU
		{A19CFB03-9CDD-4FF6-9733-9510D4FCFFFA}.Debug|Any CPU.Build.0 = Debug|Any CPU
		{A19CFB03-9CDD-4FF6-9733-9510D4FCFFFA}.Release|Any CPU.ActiveCfg = Release|Any CPU
		{A19CFB03-9CDD-4FF6-9733-9510D4FCFFFA}.Release|Any CPU.Build.0 = Release|Any CPU
		{A3F8FD6E-2933-4546-B7B3-DF124CB817FA}.Debug|Any CPU.ActiveCfg = Debug|Any CPU
		{A3F8FD6E-2933-4546-B7B3-DF124CB817FA}.Debug|Any CPU.Build.0 = Debug|Any CPU
		{A3F8FD6E-2933-4546-B7B3-DF124CB817FA}.Release|Any CPU.ActiveCfg = Release|Any CPU
		{A3F8FD6E-2933-4546-B7B3-DF124CB817FA}.Release|Any CPU.Build.0 = Release|Any CPU
		{C377BC8B-81CA-4D6E-9634-5E382EA702BA}.Debug|Any CPU.ActiveCfg = Debug|Any CPU
		{C377BC8B-81CA-4D6E-9634-5E382EA702BA}.Debug|Any CPU.Build.0 = Debug|Any CPU
		{C377BC8B-81CA-4D6E-9634-5E382EA702BA}.Release|Any CPU.ActiveCfg = Release|Any CPU
		{C377BC8B-81CA-4D6E-9634-5E382EA702BA}.Release|Any CPU.Build.0 = Release|Any CPU
		{C73FD918-FCC2-4B74-9417-7CD61D5A20CD}.Debug|Any CPU.ActiveCfg = Debug|Any CPU
		{C73FD918-FCC2-4B74-9417-7CD61D5A20CD}.Debug|Any CPU.Build.0 = Debug|Any CPU
		{C73FD918-FCC2-4B74-9417-7CD61D5A20CD}.Release|Any CPU.ActiveCfg = Release|Any CPU
		{C73FD918-FCC2-4B74-9417-7CD61D5A20CD}.Release|Any CPU.Build.0 = Release|Any CPU
		{A3BD5337-143B-F997-F537-10849FFA4912}.Debug|Any CPU.ActiveCfg = Debug|Any CPU
		{A3BD5337-143B-F997-F537-10849FFA4912}.Debug|Any CPU.Build.0 = Debug|Any CPU
		{A3BD5337-143B-F997-F537-10849FFA4912}.Release|Any CPU.ActiveCfg = Release|Any CPU
		{A3BD5337-143B-F997-F537-10849FFA4912}.Release|Any CPU.Build.0 = Release|Any CPU
		{8619B6DA-2BE5-48C5-7DAB-EAEEE8458F36}.Debug|Any CPU.ActiveCfg = Debug|Any CPU
		{8619B6DA-2BE5-48C5-7DAB-EAEEE8458F36}.Debug|Any CPU.Build.0 = Debug|Any CPU
		{8619B6DA-2BE5-48C5-7DAB-EAEEE8458F36}.Release|Any CPU.ActiveCfg = Release|Any CPU
		{8619B6DA-2BE5-48C5-7DAB-EAEEE8458F36}.Release|Any CPU.Build.0 = Release|Any CPU
		{5156438C-DE82-A7DD-B1AC-AC9EB374D405}.Debug|Any CPU.ActiveCfg = Debug|Any CPU
		{5156438C-DE82-A7DD-B1AC-AC9EB374D405}.Debug|Any CPU.Build.0 = Debug|Any CPU
		{5156438C-DE82-A7DD-B1AC-AC9EB374D405}.Release|Any CPU.ActiveCfg = Release|Any CPU
		{5156438C-DE82-A7DD-B1AC-AC9EB374D405}.Release|Any CPU.Build.0 = Release|Any CPU
		{98C4130D-D80A-4EC4-8D4B-88B2B931B000}.Debug|Any CPU.ActiveCfg = Debug|Any CPU
		{98C4130D-D80A-4EC4-8D4B-88B2B931B000}.Debug|Any CPU.Build.0 = Debug|Any CPU
		{98C4130D-D80A-4EC4-8D4B-88B2B931B000}.Release|Any CPU.ActiveCfg = Release|Any CPU
		{98C4130D-D80A-4EC4-8D4B-88B2B931B000}.Release|Any CPU.Build.0 = Release|Any CPU
		{F3F3483F-2E44-FB7B-C4F8-FF4641A2A7AF}.Debug|Any CPU.ActiveCfg = Debug|Any CPU
		{F3F3483F-2E44-FB7B-C4F8-FF4641A2A7AF}.Debug|Any CPU.Build.0 = Debug|Any CPU
		{F3F3483F-2E44-FB7B-C4F8-FF4641A2A7AF}.Release|Any CPU.ActiveCfg = Release|Any CPU
		{F3F3483F-2E44-FB7B-C4F8-FF4641A2A7AF}.Release|Any CPU.Build.0 = Release|Any CPU
		{A204986E-9429-273B-B3BC-3837D557C56F}.Debug|Any CPU.ActiveCfg = Debug|Any CPU
		{A204986E-9429-273B-B3BC-3837D557C56F}.Debug|Any CPU.Build.0 = Debug|Any CPU
		{A204986E-9429-273B-B3BC-3837D557C56F}.Release|Any CPU.ActiveCfg = Release|Any CPU
		{A204986E-9429-273B-B3BC-3837D557C56F}.Release|Any CPU.Build.0 = Release|Any CPU
		{37682D22-F512-427E-977C-0F5077410369}.Debug|Any CPU.ActiveCfg = Debug|Any CPU
		{37682D22-F512-427E-977C-0F5077410369}.Debug|Any CPU.Build.0 = Debug|Any CPU
		{37682D22-F512-427E-977C-0F5077410369}.Release|Any CPU.ActiveCfg = Release|Any CPU
		{37682D22-F512-427E-977C-0F5077410369}.Release|Any CPU.Build.0 = Release|Any CPU
	EndGlobalSection
	GlobalSection(SolutionProperties) = preSolution
		HideSolutionNode = FALSE
	EndGlobalSection
	GlobalSection(NestedProjects) = preSolution
		{A19CFB03-9CDD-4FF6-9733-9510D4FCFFFA} = {02EA681E-C7D8-13C7-8484-4AC65E1B71E8}
		{A3F8FD6E-2933-4546-B7B3-DF124CB817FA} = {02EA681E-C7D8-13C7-8484-4AC65E1B71E8}
		{C377BC8B-81CA-4D6E-9634-5E382EA702BA} = {02EA681E-C7D8-13C7-8484-4AC65E1B71E8}
		{C73FD918-FCC2-4B74-9417-7CD61D5A20CD} = {02EA681E-C7D8-13C7-8484-4AC65E1B71E8}
		{A3BD5337-143B-F997-F537-10849FFA4912} = {64F847C9-6C15-4051-AFDC-80E41B701090}
		{8619B6DA-2BE5-48C5-7DAB-EAEEE8458F36} = {64F847C9-6C15-4051-AFDC-80E41B701090}
		{5156438C-DE82-A7DD-B1AC-AC9EB374D405} = {D854FABD-3E31-46A2-B80D-AF3BE0437173}
		{98C4130D-D80A-4EC4-8D4B-88B2B931B000} = {D854FABD-3E31-46A2-B80D-AF3BE0437173}
		{F3F3483F-2E44-FB7B-C4F8-FF4641A2A7AF} = {0543599E-FCB0-4969-B8BD-564DD663CCA2}
		{A204986E-9429-273B-B3BC-3837D557C56F} = {0543599E-FCB0-4969-B8BD-564DD663CCA2}
		{37682D22-F512-427E-977C-0F5077410369} = {44F38F10-35F4-4984-BD64-CC156C649140}
	EndGlobalSection
	GlobalSection(ExtensibilityGlobals) = postSolution
		SolutionGuid = {167097F9-BB82-490E-AA4D-6FDB4FBA4CE9}
	EndGlobalSection
EndGlobal
