
Microsoft Visual Studio Solution File, Format Version 12.00
# Visual Studio Version 17
VisualStudioVersion = 17.14.36518.9
MinimumVisualStudioVersion = 10.0.40219.1
Project("{00D1A9C2-B5F0-4AF3-8072-F6C62B433612}") = "INSS.Platform.UserManagement.Database", "..\..\..\..\..\Temp\Apps\Infra\Database\INSS.Platform.UserManagement.Database\INSS.Platform.UserManagement.Database.sqlproj", "{9DD319E6-FDA1-4120-AECE-7903FF8AE2AF}"
EndProject
Global
	GlobalSection(SolutionConfigurationPlatforms) = preSolution
		Debug|Any CPU = Debug|Any CPU
		Release|Any CPU = Release|Any CPU
	EndGlobalSection
	GlobalSection(ProjectConfigurationPlatforms) = postSolution
		{9DD319E6-FDA1-4120-AECE-7903FF8AE2AF}.Debug|Any CPU.ActiveCfg = Debug|Any CPU
		{9DD319E6-FDA1-4120-AECE-7903FF8AE2AF}.Debug|Any CPU.Build.0 = Debug|Any CPU
		{9DD319E6-FDA1-4120-AECE-7903FF8AE2AF}.Debug|Any CPU.Deploy.0 = Debug|Any CPU
		{9DD319E6-FDA1-4120-AECE-7903FF8AE2AF}.Release|Any CPU.ActiveCfg = Release|Any CPU
		{9DD319E6-FDA1-4120-AECE-7903FF8AE2AF}.Release|Any CPU.Build.0 = Release|Any CPU
		{9DD319E6-FDA1-4120-AECE-7903FF8AE2AF}.Release|Any CPU.Deploy.0 = Release|Any CPU
	EndGlobalSection
	GlobalSection(SolutionProperties) = preSolution
		HideSolutionNode = FALSE
	EndGlobalSection
	GlobalSection(ExtensibilityGlobals) = postSolution
		SolutionGuid = {B42C615E-12AF-4E97-81DF-F849D40B9C96}
	EndGlobalSection
EndGlobal
